
Microsoft Visual Studio Solution File, Format Version 12.00
# Visual Studio 15
Project("{FAE04EC0-301F-11D3-BF4B-00C04F79EFBC}") = "Assembly-CSharp", "Assembly-CSharp.csproj", "{058ADB00-B657-F5BE-5D21-19C503ECF7B3}"
EndProject
Project("{FAE04EC0-301F-11D3-BF4B-00C04F79EFBC}") = "Assembly-CSharp-Editor", "Assembly-CSharp-Editor.csproj", "{B0466EFD-E5F7-CC65-EB65-26631EC62741}"
EndProject
Global
	GlobalSection(SolutionConfigurationPlatforms) = preSolution
		Debug|Any CPU = Debug|Any CPU
		Release|Any CPU = Release|Any CPU
	EndGlobalSection
	GlobalSection(ProjectConfigurationPlatforms) = postSolution
		{058ADB00-B657-F5BE-5D21-19C503ECF7B3}.Debug|Any CPU.ActiveCfg = Debug|Any CPU
		{058ADB00-B657-F5BE-5D21-19C503ECF7B3}.Debug|Any CPU.Build.0 = Debug|Any CPU
		{058ADB00-B657-F5BE-5D21-19C503ECF7B3}.Release|Any CPU.ActiveCfg = Release|Any CPU
		{058ADB00-B657-F5BE-5D21-19C503ECF7B3}.Release|Any CPU.Build.0 = Release|Any CPU
		{B0466EFD-E5F7-CC65-EB65-26631EC62741}.Debug|Any CPU.ActiveCfg = Debug|Any CPU
		{B0466EFD-E5F7-CC65-EB65-26631EC62741}.Debug|Any CPU.Build.0 = Debug|Any CPU
		{B0466EFD-E5F7-CC65-EB65-26631EC62741}.Release|Any CPU.ActiveCfg = Release|Any CPU
		{B0466EFD-E5F7-CC65-EB65-26631EC62741}.Release|Any CPU.Build.0 = Release|Any CPU
	EndGlobalSection
	GlobalSection(SolutionProperties) = preSolution
		HideSolutionNode = FALSE
	EndGlobalSection
EndGlobal
